// !$*UTF8*$!
{
	archiveVersion = 1;
	classes = {
	};
	objectVersion = 56;
	objects = {

/* Begin PBXBuildFile section */
		03498A04295869C500FFE316 /* Visa.swift in Sources */ = {isa = PBXBuildFile; fileRef = 03498A03295869C500FFE316 /* Visa.swift */; };
		03498A06295869D000FFE316 /* Mada.swift in Sources */ = {isa = PBXBuildFile; fileRef = 03498A05295869D000FFE316 /* Mada.swift */; };
		03CB4FE72957505100EA9856 /* Payment.swift in Sources */ = {isa = PBXBuildFile; fileRef = 03CB4FE62957505100EA9856 /* Payment.swift */; };
		03CB4FE92957506A00EA9856 /* Successfull.swift in Sources */ = {isa = PBXBuildFile; fileRef = 03CB4FE82957506A00EA9856 /* Successfull.swift */; };
		03CB4FEB2957507300EA9856 /* CardsPayment.swift in Sources */ = {isa = PBXBuildFile; fileRef = 03CB4FEA2957507300EA9856 /* CardsPayment.swift */; };
		3FDE8B14295635B5009C81F2 /* OnBoardPageModel.swift in Sources */ = {isa = PBXBuildFile; fileRef = 3FDE8B13295635B5009C81F2 /* OnBoardPageModel.swift */; };
		3FDE8B1729563606009C81F2 /* OnBoardViewSample.swift in Sources */ = {isa = PBXBuildFile; fileRef = 3FDE8B1629563605009C81F2 /* OnBoardViewSample.swift */; };
		3FDE8B1929563650009C81F2 /* OnBoardingPageView.swift in Sources */ = {isa = PBXBuildFile; fileRef = 3FDE8B1829563650009C81F2 /* OnBoardingPageView.swift */; };
		4F13538129561B9200DBE3F9 /* ItemRow.swift in Sources */ = {isa = PBXBuildFile; fileRef = 4F13537B29561B9200DBE3F9 /* ItemRow.swift */; };
		4F13538229561B9200DBE3F9 /* menu.json in Resources */ = {isa = PBXBuildFile; fileRef = 4F13537C29561B9200DBE3F9 /* menu.json */; };
		4F13538329561B9200DBE3F9 /* Helper.swift in Sources */ = {isa = PBXBuildFile; fileRef = 4F13537D29561B9200DBE3F9 /* Helper.swift */; };
		4F13538429561B9200DBE3F9 /* Menu.swift in Sources */ = {isa = PBXBuildFile; fileRef = 4F13537E29561B9200DBE3F9 /* Menu.swift */; };
		4F13538529561B9200DBE3F9 /* ItemDetail.swift in Sources */ = {isa = PBXBuildFile; fileRef = 4F13537F29561B9200DBE3F9 /* ItemDetail.swift */; };
		4F13538629561B9200DBE3F9 /* menuView.swift in Sources */ = {isa = PBXBuildFile; fileRef = 4F13538029561B9200DBE3F9 /* menuView.swift */; };
		4F13538829561D0900DBE3F9 /* MainView.swift in Sources */ = {isa = PBXBuildFile; fileRef = 4F13538729561D0900DBE3F9 /* MainView.swift */; };
		4F13538A29561FF200DBE3F9 /* OrderView.swift in Sources */ = {isa = PBXBuildFile; fileRef = 4F13538929561FF200DBE3F9 /* OrderView.swift */; };
		4F1E42C1295754BE006FECE4 /* FoodItem.swift in Sources */ = {isa = PBXBuildFile; fileRef = 4F1E42C0295754BE006FECE4 /* FoodItem.swift */; };
		4F1E42C3295754C8006FECE4 /* CartViewModel.swift in Sources */ = {isa = PBXBuildFile; fileRef = 4F1E42C2295754C8006FECE4 /* CartViewModel.swift */; };
		4F1E42C5295754D2006FECE4 /* ItemView.swift in Sources */ = {isa = PBXBuildFile; fileRef = 4F1E42C4295754D2006FECE4 /* ItemView.swift */; };
		4F1E42C7295754D9006FECE4 /* CartView.swift in Sources */ = {isa = PBXBuildFile; fileRef = 4F1E42C6295754D9006FECE4 /* CartView.swift */; };
		4F1E42C9295754E0006FECE4 /* OrderingPagetView.swift in Sources */ = {isa = PBXBuildFile; fileRef = 4F1E42C8295754E0006FECE4 /* OrderingPagetView.swift */; };
		877C54F82958A4AC00B46E63 /* GoogleService-Info.plist in Resources */ = {isa = PBXBuildFile; fileRef = 877C54F72958A4AB00B46E63 /* GoogleService-Info.plist */; };
		87DA8B9B295892F800654409 /* FirebaseAuth in Frameworks */ = {isa = PBXBuildFile; productRef = 87DA8B9A295892F800654409 /* FirebaseAuth */; };
		87DA8B9D295892F800654409 /* FirebaseFirestore in Frameworks */ = {isa = PBXBuildFile; productRef = 87DA8B9C295892F800654409 /* FirebaseFirestore */; };
		B129C2052954DB1600945193 /* profileView.swift in Sources */ = {isa = PBXBuildFile; fileRef = B129C2042954DB1600945193 /* profileView.swift */; };
		B186734B295868960036BB1A /* LogIn.swift in Sources */ = {isa = PBXBuildFile; fileRef = B186734A295868960036BB1A /* LogIn.swift */; };
		B19E170F295488C1005B3DF5 /* Deleviry_AppApp.swift in Sources */ = {isa = PBXBuildFile; fileRef = B19E170E295488C1005B3DF5 /* Deleviry_AppApp.swift */; };
		B19E1711295488C1005B3DF5 /* ContentView.swift in Sources */ = {isa = PBXBuildFile; fileRef = B19E1710295488C1005B3DF5 /* ContentView.swift */; };
		B19E1713295488C3005B3DF5 /* Assets.xcassets in Resources */ = {isa = PBXBuildFile; fileRef = B19E1712295488C3005B3DF5 /* Assets.xcassets */; };
		B19E1716295488C3005B3DF5 /* Preview Assets.xcassets in Resources */ = {isa = PBXBuildFile; fileRef = B19E1715295488C3005B3DF5 /* Preview Assets.xcassets */; };
		B19E1718295488C3005B3DF5 /* Persistence.swift in Sources */ = {isa = PBXBuildFile; fileRef = B19E1717295488C3005B3DF5 /* Persistence.swift */; };
		B19E171B295488C3005B3DF5 /* Deleviry_App.xcdatamodeld in Sources */ = {isa = PBXBuildFile; fileRef = B19E1719295488C3005B3DF5 /* Deleviry_App.xcdatamodeld */; };
		B1B14AE22954EF8100587A9D /* photoPicker.swift in Sources */ = {isa = PBXBuildFile; fileRef = B1B14AE12954EF8100587A9D /* photoPicker.swift */; };
		B1B14AE52954F45400587A9D /* profileImageStyle.swift in Sources */ = {isa = PBXBuildFile; fileRef = B1B14AE42954F45400587A9D /* profileImageStyle.swift */; };
		B1B14AE929550DD500587A9D /* ProfileSettings.swift in Sources */ = {isa = PBXBuildFile; fileRef = B1B14AE829550DD500587A9D /* ProfileSettings.swift */; };
		B1B14AED2955C6DC00587A9D /* LocationMap.swift in Sources */ = {isa = PBXBuildFile; fileRef = B1B14AEC2955C6DC00587A9D /* LocationMap.swift */; };
		B1B14AEF2955CA7700587A9D /* profileAccount.swift in Sources */ = {isa = PBXBuildFile; fileRef = B1B14AEE2955CA7700587A9D /* profileAccount.swift */; };
		B1B14AF12955CFB100587A9D /* LocationInfo.swift in Sources */ = {isa = PBXBuildFile; fileRef = B1B14AF02955CFB100587A9D /* LocationInfo.swift */; };
		B1BE37112958FCB200D36E64 /* OrdersView.swift in Sources */ = {isa = PBXBuildFile; fileRef = B1BE37102958FCB200D36E64 /* OrdersView.swift */; };
		B1BE37132958FCC000D36E64 /* Order.swift in Sources */ = {isa = PBXBuildFile; fileRef = B1BE37122958FCBF00D36E64 /* Order.swift */; };
/* End PBXBuildFile section */

/* Begin PBXFileReference section */
		03498A03295869C500FFE316 /* Visa.swift */ = {isa = PBXFileReference; lastKnownFileType = sourcecode.swift; path = Visa.swift; sourceTree = "<group>"; };
		03498A05295869D000FFE316 /* Mada.swift */ = {isa = PBXFileReference; lastKnownFileType = sourcecode.swift; path = Mada.swift; sourceTree = "<group>"; };
		03CB4FE62957505100EA9856 /* Payment.swift */ = {isa = PBXFileReference; fileEncoding = 4; lastKnownFileType = sourcecode.swift; path = Payment.swift; sourceTree = "<group>"; };
		03CB4FE82957506A00EA9856 /* Successfull.swift */ = {isa = PBXFileReference; fileEncoding = 4; lastKnownFileType = sourcecode.swift; path = Successfull.swift; sourceTree = "<group>"; };
		03CB4FEA2957507300EA9856 /* CardsPayment.swift */ = {isa = PBXFileReference; fileEncoding = 4; lastKnownFileType = sourcecode.swift; path = CardsPayment.swift; sourceTree = "<group>"; };
		3FDE8B13295635B5009C81F2 /* OnBoardPageModel.swift */ = {isa = PBXFileReference; lastKnownFileType = sourcecode.swift; path = OnBoardPageModel.swift; sourceTree = "<group>"; };
		3FDE8B1629563605009C81F2 /* OnBoardViewSample.swift */ = {isa = PBXFileReference; lastKnownFileType = sourcecode.swift; path = OnBoardViewSample.swift; sourceTree = "<group>"; };
		3FDE8B1829563650009C81F2 /* OnBoardingPageView.swift */ = {isa = PBXFileReference; lastKnownFileType = sourcecode.swift; path = OnBoardingPageView.swift; sourceTree = "<group>"; };
		4F13537B29561B9200DBE3F9 /* ItemRow.swift */ = {isa = PBXFileReference; fileEncoding = 4; lastKnownFileType = sourcecode.swift; path = ItemRow.swift; sourceTree = "<group>"; };
		4F13537C29561B9200DBE3F9 /* menu.json */ = {isa = PBXFileReference; fileEncoding = 4; lastKnownFileType = text.json; path = menu.json; sourceTree = "<group>"; };
		4F13537D29561B9200DBE3F9 /* Helper.swift */ = {isa = PBXFileReference; fileEncoding = 4; lastKnownFileType = sourcecode.swift; path = Helper.swift; sourceTree = "<group>"; };
		4F13537E29561B9200DBE3F9 /* Menu.swift */ = {isa = PBXFileReference; fileEncoding = 4; lastKnownFileType = sourcecode.swift; path = Menu.swift; sourceTree = "<group>"; };
		4F13537F29561B9200DBE3F9 /* ItemDetail.swift */ = {isa = PBXFileReference; fileEncoding = 4; lastKnownFileType = sourcecode.swift; path = ItemDetail.swift; sourceTree = "<group>"; };
		4F13538029561B9200DBE3F9 /* menuView.swift */ = {isa = PBXFileReference; fileEncoding = 4; lastKnownFileType = sourcecode.swift; path = menuView.swift; sourceTree = "<group>"; };
		4F13538729561D0900DBE3F9 /* MainView.swift */ = {isa = PBXFileReference; lastKnownFileType = sourcecode.swift; path = MainView.swift; sourceTree = "<group>"; };
		4F13538929561FF200DBE3F9 /* OrderView.swift */ = {isa = PBXFileReference; lastKnownFileType = sourcecode.swift; path = OrderView.swift; sourceTree = "<group>"; };
		4F1E42C0295754BE006FECE4 /* FoodItem.swift */ = {isa = PBXFileReference; fileEncoding = 4; lastKnownFileType = sourcecode.swift; path = FoodItem.swift; sourceTree = "<group>"; };
		4F1E42C2295754C8006FECE4 /* CartViewModel.swift */ = {isa = PBXFileReference; fileEncoding = 4; lastKnownFileType = sourcecode.swift; path = CartViewModel.swift; sourceTree = "<group>"; };
		4F1E42C4295754D2006FECE4 /* ItemView.swift */ = {isa = PBXFileReference; fileEncoding = 4; lastKnownFileType = sourcecode.swift; path = ItemView.swift; sourceTree = "<group>"; };
		4F1E42C6295754D9006FECE4 /* CartView.swift */ = {isa = PBXFileReference; fileEncoding = 4; lastKnownFileType = sourcecode.swift; path = CartView.swift; sourceTree = "<group>"; };
		4F1E42C8295754E0006FECE4 /* OrderingPagetView.swift */ = {isa = PBXFileReference; fileEncoding = 4; lastKnownFileType = sourcecode.swift; path = OrderingPagetView.swift; sourceTree = "<group>"; };
		877C54F72958A4AB00B46E63 /* GoogleService-Info.plist */ = {isa = PBXFileReference; fileEncoding = 4; lastKnownFileType = text.plist.xml; path = "GoogleService-Info.plist"; sourceTree = "<group>"; };
		B129C2042954DB1600945193 /* profileView.swift */ = {isa = PBXFileReference; lastKnownFileType = sourcecode.swift; path = profileView.swift; sourceTree = "<group>"; };
		B186734A295868960036BB1A /* LogIn.swift */ = {isa = PBXFileReference; fileEncoding = 4; lastKnownFileType = sourcecode.swift; path = LogIn.swift; sourceTree = "<group>"; };
		B19E170B295488C1005B3DF5 /* Deleviry App.app */ = {isa = PBXFileReference; explicitFileType = wrapper.application; includeInIndex = 0; path = "Deleviry App.app"; sourceTree = BUILT_PRODUCTS_DIR; };
		B19E170E295488C1005B3DF5 /* Deleviry_AppApp.swift */ = {isa = PBXFileReference; lastKnownFileType = sourcecode.swift; path = Deleviry_AppApp.swift; sourceTree = "<group>"; };
		B19E1710295488C1005B3DF5 /* ContentView.swift */ = {isa = PBXFileReference; lastKnownFileType = sourcecode.swift; path = ContentView.swift; sourceTree = "<group>"; };
		B19E1712295488C3005B3DF5 /* Assets.xcassets */ = {isa = PBXFileReference; lastKnownFileType = folder.assetcatalog; path = Assets.xcassets; sourceTree = "<group>"; };
		B19E1715295488C3005B3DF5 /* Preview Assets.xcassets */ = {isa = PBXFileReference; lastKnownFileType = folder.assetcatalog; path = "Preview Assets.xcassets"; sourceTree = "<group>"; };
		B19E1717295488C3005B3DF5 /* Persistence.swift */ = {isa = PBXFileReference; lastKnownFileType = sourcecode.swift; path = Persistence.swift; sourceTree = "<group>"; };
		B19E171A295488C3005B3DF5 /* Deleviry_App.xcdatamodel */ = {isa = PBXFileReference; lastKnownFileType = wrapper.xcdatamodel; path = Deleviry_App.xcdatamodel; sourceTree = "<group>"; };
		B1B14AE12954EF8100587A9D /* photoPicker.swift */ = {isa = PBXFileReference; lastKnownFileType = sourcecode.swift; path = photoPicker.swift; sourceTree = "<group>"; };
		B1B14AE42954F45400587A9D /* profileImageStyle.swift */ = {isa = PBXFileReference; lastKnownFileType = sourcecode.swift; path = profileImageStyle.swift; sourceTree = "<group>"; };
		B1B14AE829550DD500587A9D /* ProfileSettings.swift */ = {isa = PBXFileReference; lastKnownFileType = sourcecode.swift; path = ProfileSettings.swift; sourceTree = "<group>"; };
		B1B14AEC2955C6DC00587A9D /* LocationMap.swift */ = {isa = PBXFileReference; lastKnownFileType = sourcecode.swift; path = LocationMap.swift; sourceTree = "<group>"; };
		B1B14AEE2955CA7700587A9D /* profileAccount.swift */ = {isa = PBXFileReference; lastKnownFileType = sourcecode.swift; path = profileAccount.swift; sourceTree = "<group>"; };
		B1B14AF02955CFB100587A9D /* LocationInfo.swift */ = {isa = PBXFileReference; lastKnownFileType = sourcecode.swift; path = LocationInfo.swift; sourceTree = "<group>"; };
		B1BE37102958FCB200D36E64 /* OrdersView.swift */ = {isa = PBXFileReference; fileEncoding = 4; lastKnownFileType = sourcecode.swift; path = OrdersView.swift; sourceTree = "<group>"; };
		B1BE37122958FCBF00D36E64 /* Order.swift */ = {isa = PBXFileReference; fileEncoding = 4; lastKnownFileType = sourcecode.swift; path = Order.swift; sourceTree = "<group>"; };
/* End PBXFileReference section */

/* Begin PBXFrameworksBuildPhase section */
		B19E1708295488C1005B3DF5 /* Frameworks */ = {
			isa = PBXFrameworksBuildPhase;
			buildActionMask = 2147483647;
			files = (
				87DA8B9B295892F800654409 /* FirebaseAuth in Frameworks */,
				87DA8B9D295892F800654409 /* FirebaseFirestore in Frameworks */,
			);
			runOnlyForDeploymentPostprocessing = 0;
		};
/* End PBXFrameworksBuildPhase section */

/* Begin PBXGroup section */
		03CB4FEC2957509700EA9856 /* Payment */ = {
			isa = PBXGroup;
			children = (
				03CB4FE62957505100EA9856 /* Payment.swift */,
				03CB4FEA2957507300EA9856 /* CardsPayment.swift */,
				03498A03295869C500FFE316 /* Visa.swift */,
				03498A05295869D000FFE316 /* Mada.swift */,
				03CB4FE82957506A00EA9856 /* Successfull.swift */,
			);
			path = Payment;
			sourceTree = "<group>";
		};
		3FDE8B15295635E0009C81F2 /* On Boarding */ = {
			isa = PBXGroup;
			children = (
				3FDE8B1829563650009C81F2 /* OnBoardingPageView.swift */,
				3FDE8B1629563605009C81F2 /* OnBoardViewSample.swift */,
				3FDE8B13295635B5009C81F2 /* OnBoardPageModel.swift */,
			);
			path = "On Boarding";
			sourceTree = "<group>";
		};
		4F13537A29561B9200DBE3F9 /* Menu */ = {
			isa = PBXGroup;
			children = (
				4F13538029561B9200DBE3F9 /* menuView.swift */,
				4F13537B29561B9200DBE3F9 /* ItemRow.swift */,
				4F13537F29561B9200DBE3F9 /* ItemDetail.swift */,
				4F13537D29561B9200DBE3F9 /* Helper.swift */,
				4F13537E29561B9200DBE3F9 /* Menu.swift */,
				4F13537C29561B9200DBE3F9 /* menu.json */,
				B1BE37102958FCB200D36E64 /* OrdersView.swift */,
				B1BE37122958FCBF00D36E64 /* Order.swift */,
			);
			path = Menu;
			sourceTree = "<group>";
		};
		4F1E42BF29575496006FECE4 /* Order */ = {
			isa = PBXGroup;
			children = (
				4F1E42C0295754BE006FECE4 /* FoodItem.swift */,
				4F1E42C2295754C8006FECE4 /* CartViewModel.swift */,
				4F1E42C4295754D2006FECE4 /* ItemView.swift */,
				4F1E42C6295754D9006FECE4 /* CartView.swift */,
				4F1E42C8295754E0006FECE4 /* OrderingPagetView.swift */,
			);
			path = Order;
			sourceTree = "<group>";
		};
		B19E1702295488C1005B3DF5 = {
			isa = PBXGroup;
			children = (
				877C54F72958A4AB00B46E63 /* GoogleService-Info.plist */,
				3FDE8B15295635E0009C81F2 /* On Boarding */,
				B19E170D295488C1005B3DF5 /* Deleviry App */,
				B19E170C295488C1005B3DF5 /* Products */,
			);
			sourceTree = "<group>";
		};
		B19E170C295488C1005B3DF5 /* Products */ = {
			isa = PBXGroup;
			children = (
				B19E170B295488C1005B3DF5 /* Deleviry App.app */,
			);
			name = Products;
			sourceTree = "<group>";
		};
		B19E170D295488C1005B3DF5 /* Deleviry App */ = {
			isa = PBXGroup;
			children = (
				B186734A295868960036BB1A /* LogIn.swift */,
				B19E170E295488C1005B3DF5 /* Deleviry_AppApp.swift */,
				B19E1710295488C1005B3DF5 /* ContentView.swift */,
				4F13538729561D0900DBE3F9 /* MainView.swift */,
				4F13538929561FF200DBE3F9 /* OrderView.swift */,
				4F1E42BF29575496006FECE4 /* Order */,
				03CB4FEC2957509700EA9856 /* Payment */,
				4F13537A29561B9200DBE3F9 /* Menu */,
				B1B14AE32954F39200587A9D /* profile */,
				B19E1712295488C3005B3DF5 /* Assets.xcassets */,
				B19E1717295488C3005B3DF5 /* Persistence.swift */,
				B19E1719295488C3005B3DF5 /* Deleviry_App.xcdatamodeld */,
				B19E1714295488C3005B3DF5 /* Preview Content */,
			);
			path = "Deleviry App";
			sourceTree = "<group>";
		};
		B19E1714295488C3005B3DF5 /* Preview Content */ = {
			isa = PBXGroup;
			children = (
				B19E1715295488C3005B3DF5 /* Preview Assets.xcassets */,
			);
			path = "Preview Content";
			sourceTree = "<group>";
		};
		B1B14AE32954F39200587A9D /* profile */ = {
			isa = PBXGroup;
			children = (
				B1B14AE12954EF8100587A9D /* photoPicker.swift */,
				B129C2042954DB1600945193 /* profileView.swift */,
				B1B14AEC2955C6DC00587A9D /* LocationMap.swift */,
				B1B14AE829550DD500587A9D /* ProfileSettings.swift */,
				B1B14AF02955CFB100587A9D /* LocationInfo.swift */,
				B1B14AEE2955CA7700587A9D /* profileAccount.swift */,
				B1B14AE42954F45400587A9D /* profileImageStyle.swift */,
			);
			path = profile;
			sourceTree = "<group>";
		};
/* End PBXGroup section */

/* Begin PBXNativeTarget section */
		B19E170A295488C1005B3DF5 /* Deleviry App */ = {
			isa = PBXNativeTarget;
			buildConfigurationList = B19E171E295488C3005B3DF5 /* Build configuration list for PBXNativeTarget "Deleviry App" */;
			buildPhases = (
				B19E1707295488C1005B3DF5 /* Sources */,
				B19E1708295488C1005B3DF5 /* Frameworks */,
				B19E1709295488C1005B3DF5 /* Resources */,
			);
			buildRules = (
			);
			dependencies = (
			);
			name = "Deleviry App";
			packageProductDependencies = (
				87DA8B9A295892F800654409 /* FirebaseAuth */,
				87DA8B9C295892F800654409 /* FirebaseFirestore */,
			);
			productName = "Deleviry App";
			productReference = B19E170B295488C1005B3DF5 /* Deleviry App.app */;
			productType = "com.apple.product-type.application";
		};
/* End PBXNativeTarget section */

/* Begin PBXProject section */
		B19E1703295488C1005B3DF5 /* Project object */ = {
			isa = PBXProject;
			attributes = {
				BuildIndependentTargetsInParallel = 1;
				LastSwiftUpdateCheck = 1410;
				LastUpgradeCheck = 1410;
				TargetAttributes = {
					B19E170A295488C1005B3DF5 = {
						CreatedOnToolsVersion = 14.1;
					};
				};
			};
			buildConfigurationList = B19E1706295488C1005B3DF5 /* Build configuration list for PBXProject "Deleviry App" */;
			compatibilityVersion = "Xcode 14.0";
			developmentRegion = en;
			hasScannedForEncodings = 0;
			knownRegions = (
				en,
				Base,
			);
			mainGroup = B19E1702295488C1005B3DF5;
			packageReferences = (
				87DA8B99295892F800654409 /* XCRemoteSwiftPackageReference "firebase-ios-sdk" */,
			);
			productRefGroup = B19E170C295488C1005B3DF5 /* Products */;
			projectDirPath = "";
			projectRoot = "";
			targets = (
				B19E170A295488C1005B3DF5 /* Deleviry App */,
			);
		};
/* End PBXProject section */

/* Begin PBXResourcesBuildPhase section */
		B19E1709295488C1005B3DF5 /* Resources */ = {
			isa = PBXResourcesBuildPhase;
			buildActionMask = 2147483647;
			files = (
				4F13538229561B9200DBE3F9 /* menu.json in Resources */,
				877C54F82958A4AC00B46E63 /* GoogleService-Info.plist in Resources */,
				B19E1716295488C3005B3DF5 /* Preview Assets.xcassets in Resources */,
				B19E1713295488C3005B3DF5 /* Assets.xcassets in Resources */,
			);
			runOnlyForDeploymentPostprocessing = 0;
		};
/* End PBXResourcesBuildPhase section */

/* Begin PBXSourcesBuildPhase section */
		B19E1707295488C1005B3DF5 /* Sources */ = {
			isa = PBXSourcesBuildPhase;
			buildActionMask = 2147483647;
			files = (
				B1B14AF12955CFB100587A9D /* LocationInfo.swift in Sources */,
				B1B14AE22954EF8100587A9D /* photoPicker.swift in Sources */,
				4F13538429561B9200DBE3F9 /* Menu.swift in Sources */,
				03498A04295869C500FFE316 /* Visa.swift in Sources */,
				B19E1718295488C3005B3DF5 /* Persistence.swift in Sources */,
				4F13538129561B9200DBE3F9 /* ItemRow.swift in Sources */,
				B1BE37132958FCC000D36E64 /* Order.swift in Sources */,
				03CB4FE92957506A00EA9856 /* Successfull.swift in Sources */,
				B1B14AE929550DD500587A9D /* ProfileSettings.swift in Sources */,
				B1B14AEF2955CA7700587A9D /* profileAccount.swift in Sources */,
				03CB4FEB2957507300EA9856 /* CardsPayment.swift in Sources */,
				B1B14AE52954F45400587A9D /* profileImageStyle.swift in Sources */,
				B1BE37112958FCB200D36E64 /* OrdersView.swift in Sources */,
				3FDE8B1729563606009C81F2 /* OnBoardViewSample.swift in Sources */,
				3FDE8B14295635B5009C81F2 /* OnBoardPageModel.swift in Sources */,
				B19E171B295488C3005B3DF5 /* Deleviry_App.xcdatamodeld in Sources */,
				4F13538629561B9200DBE3F9 /* menuView.swift in Sources */,
				3FDE8B1929563650009C81F2 /* OnBoardingPageView.swift in Sources */,
				B19E1711295488C1005B3DF5 /* ContentView.swift in Sources */,
				4F1E42C3295754C8006FECE4 /* CartViewModel.swift in Sources */,
				03CB4FE72957505100EA9856 /* Payment.swift in Sources */,
				4F13538829561D0900DBE3F9 /* MainView.swift in Sources */,
				B1B14AED2955C6DC00587A9D /* LocationMap.swift in Sources */,
				4F1E42C9295754E0006FECE4 /* OrderingPagetView.swift in Sources */,
				4F1E42C1295754BE006FECE4 /* FoodItem.swift in Sources */,
				4F13538329561B9200DBE3F9 /* Helper.swift in Sources */,
				03498A06295869D000FFE316 /* Mada.swift in Sources */,
				4F1E42C7295754D9006FECE4 /* CartView.swift in Sources */,
				4F1E42C5295754D2006FECE4 /* ItemView.swift in Sources */,
				B186734B295868960036BB1A /* LogIn.swift in Sources */,
				B19E170F295488C1005B3DF5 /* Deleviry_AppApp.swift in Sources */,
				4F13538A29561FF200DBE3F9 /* OrderView.swift in Sources */,
				4F13538529561B9200DBE3F9 /* ItemDetail.swift in Sources */,
				B129C2052954DB1600945193 /* profileView.swift in Sources */,
			);
			runOnlyForDeploymentPostprocessing = 0;
		};
/* End PBXSourcesBuildPhase section */

/* Begin XCBuildConfiguration section */
		B19E171C295488C3005B3DF5 /* Debug */ = {
			isa = XCBuildConfiguration;
			buildSettings = {
				ALWAYS_SEARCH_USER_PATHS = NO;
				CLANG_ANALYZER_NONNULL = YES;
				CLANG_ANALYZER_NUMBER_OBJECT_CONVERSION = YES_AGGRESSIVE;
				CLANG_CXX_LANGUAGE_STANDARD = "gnu++20";
				CLANG_ENABLE_MODULES = YES;
				CLANG_ENABLE_OBJC_ARC = YES;
				CLANG_ENABLE_OBJC_WEAK = YES;
				CLANG_WARN_BLOCK_CAPTURE_AUTORELEASING = YES;
				CLANG_WARN_BOOL_CONVERSION = YES;
				CLANG_WARN_COMMA = YES;
				CLANG_WARN_CONSTANT_CONVERSION = YES;
				CLANG_WARN_DEPRECATED_OBJC_IMPLEMENTATIONS = YES;
				CLANG_WARN_DIRECT_OBJC_ISA_USAGE = YES_ERROR;
				CLANG_WARN_DOCUMENTATION_COMMENTS = YES;
				CLANG_WARN_EMPTY_BODY = YES;
				CLANG_WARN_ENUM_CONVERSION = YES;
				CLANG_WARN_INFINITE_RECURSION = YES;
				CLANG_WARN_INT_CONVERSION = YES;
				CLANG_WARN_NON_LITERAL_NULL_CONVERSION = YES;
				CLANG_WARN_OBJC_IMPLICIT_RETAIN_SELF = YES;
				CLANG_WARN_OBJC_LITERAL_CONVERSION = YES;
				CLANG_WARN_OBJC_ROOT_CLASS = YES_ERROR;
				CLANG_WARN_QUOTED_INCLUDE_IN_FRAMEWORK_HEADER = YES;
				CLANG_WARN_RANGE_LOOP_ANALYSIS = YES;
				CLANG_WARN_STRICT_PROTOTYPES = YES;
				CLANG_WARN_SUSPICIOUS_MOVE = YES;
				CLANG_WARN_UNGUARDED_AVAILABILITY = YES_AGGRESSIVE;
				CLANG_WARN_UNREACHABLE_CODE = YES;
				CLANG_WARN__DUPLICATE_METHOD_MATCH = YES;
				COPY_PHASE_STRIP = NO;
				DEBUG_INFORMATION_FORMAT = dwarf;
				ENABLE_STRICT_OBJC_MSGSEND = YES;
				ENABLE_TESTABILITY = YES;
				GCC_C_LANGUAGE_STANDARD = gnu11;
				GCC_DYNAMIC_NO_PIC = NO;
				GCC_NO_COMMON_BLOCKS = YES;
				GCC_OPTIMIZATION_LEVEL = 0;
				GCC_PREPROCESSOR_DEFINITIONS = (
					"DEBUG=1",
					"$(inherited)",
				);
				GCC_WARN_64_TO_32_BIT_CONVERSION = YES;
				GCC_WARN_ABOUT_RETURN_TYPE = YES_ERROR;
				GCC_WARN_UNDECLARED_SELECTOR = YES;
				GCC_WARN_UNINITIALIZED_AUTOS = YES_AGGRESSIVE;
				GCC_WARN_UNUSED_FUNCTION = YES;
				GCC_WARN_UNUSED_VARIABLE = YES;
				IPHONEOS_DEPLOYMENT_TARGET = 16.1;
				MTL_ENABLE_DEBUG_INFO = INCLUDE_SOURCE;
				MTL_FAST_MATH = YES;
				ONLY_ACTIVE_ARCH = YES;
				SDKROOT = iphoneos;
				SWIFT_ACTIVE_COMPILATION_CONDITIONS = DEBUG;
				SWIFT_OPTIMIZATION_LEVEL = "-Onone";
			};
			name = Debug;
		};
		B19E171D295488C3005B3DF5 /* Release */ = {
			isa = XCBuildConfiguration;
			buildSettings = {
				ALWAYS_SEARCH_USER_PATHS = NO;
				CLANG_ANALYZER_NONNULL = YES;
				CLANG_ANALYZER_NUMBER_OBJECT_CONVERSION = YES_AGGRESSIVE;
				CLANG_CXX_LANGUAGE_STANDARD = "gnu++20";
				CLANG_ENABLE_MODULES = YES;
				CLANG_ENABLE_OBJC_ARC = YES;
				CLANG_ENABLE_OBJC_WEAK = YES;
				CLANG_WARN_BLOCK_CAPTURE_AUTORELEASING = YES;
				CLANG_WARN_BOOL_CONVERSION = YES;
				CLANG_WARN_COMMA = YES;
				CLANG_WARN_CONSTANT_CONVERSION = YES;
				CLANG_WARN_DEPRECATED_OBJC_IMPLEMENTATIONS = YES;
				CLANG_WARN_DIRECT_OBJC_ISA_USAGE = YES_ERROR;
				CLANG_WARN_DOCUMENTATION_COMMENTS = YES;
				CLANG_WARN_EMPTY_BODY = YES;
				CLANG_WARN_ENUM_CONVERSION = YES;
				CLANG_WARN_INFINITE_RECURSION = YES;
				CLANG_WARN_INT_CONVERSION = YES;
				CLANG_WARN_NON_LITERAL_NULL_CONVERSION = YES;
				CLANG_WARN_OBJC_IMPLICIT_RETAIN_SELF = YES;
				CLANG_WARN_OBJC_LITERAL_CONVERSION = YES;
				CLANG_WARN_OBJC_ROOT_CLASS = YES_ERROR;
				CLANG_WARN_QUOTED_INCLUDE_IN_FRAMEWORK_HEADER = YES;
				CLANG_WARN_RANGE_LOOP_ANALYSIS = YES;
				CLANG_WARN_STRICT_PROTOTYPES = YES;
				CLANG_WARN_SUSPICIOUS_MOVE = YES;
				CLANG_WARN_UNGUARDED_AVAILABILITY = YES_AGGRESSIVE;
				CLANG_WARN_UNREACHABLE_CODE = YES;
				CLANG_WARN__DUPLICATE_METHOD_MATCH = YES;
				COPY_PHASE_STRIP = NO;
				DEBUG_INFORMATION_FORMAT = "dwarf-with-dsym";
				ENABLE_NS_ASSERTIONS = NO;
				ENABLE_STRICT_OBJC_MSGSEND = YES;
				GCC_C_LANGUAGE_STANDARD = gnu11;
				GCC_NO_COMMON_BLOCKS = YES;
				GCC_WARN_64_TO_32_BIT_CONVERSION = YES;
				GCC_WARN_ABOUT_RETURN_TYPE = YES_ERROR;
				GCC_WARN_UNDECLARED_SELECTOR = YES;
				GCC_WARN_UNINITIALIZED_AUTOS = YES_AGGRESSIVE;
				GCC_WARN_UNUSED_FUNCTION = YES;
				GCC_WARN_UNUSED_VARIABLE = YES;
				IPHONEOS_DEPLOYMENT_TARGET = 16.1;
				MTL_ENABLE_DEBUG_INFO = NO;
				MTL_FAST_MATH = YES;
				SDKROOT = iphoneos;
				SWIFT_COMPILATION_MODE = wholemodule;
				SWIFT_OPTIMIZATION_LEVEL = "-O";
				VALIDATE_PRODUCT = YES;
			};
			name = Release;
		};
		B19E171F295488C3005B3DF5 /* Debug */ = {
			isa = XCBuildConfiguration;
			buildSettings = {
				ASSETCATALOG_COMPILER_APPICON_NAME = AppIcon;
				ASSETCATALOG_COMPILER_GLOBAL_ACCENT_COLOR_NAME = AccentColor;
				CODE_SIGN_STYLE = Automatic;
				CURRENT_PROJECT_VERSION = 1;
				DEVELOPMENT_ASSET_PATHS = "\"Deleviry App/Preview Content\"";
				DEVELOPMENT_TEAM = 4N2CH77674;
				ENABLE_PREVIEWS = YES;
				GENERATE_INFOPLIST_FILE = YES;
				INFOPLIST_KEY_UIApplicationSceneManifest_Generation = YES;
				INFOPLIST_KEY_UIApplicationSupportsIndirectInputEvents = YES;
				INFOPLIST_KEY_UILaunchScreen_Generation = YES;
				INFOPLIST_KEY_UISupportedInterfaceOrientations_iPad = "UIInterfaceOrientationPortrait UIInterfaceOrientationPortraitUpsideDown UIInterfaceOrientationLandscapeLeft UIInterfaceOrientationLandscapeRight";
				INFOPLIST_KEY_UISupportedInterfaceOrientations_iPhone = "UIInterfaceOrientationPortrait UIInterfaceOrientationLandscapeLeft UIInterfaceOrientationLandscapeRight";
				IPHONEOS_DEPLOYMENT_TARGET = 16.0;
				LD_RUNPATH_SEARCH_PATHS = (
					"$(inherited)",
					"@executable_path/Frameworks",
				);
				MARKETING_VERSION = 1.0;
				PRODUCT_BUNDLE_IDENTIFIER = "t.com.Deleviry-App";
				PRODUCT_NAME = "$(TARGET_NAME)";
				SWIFT_EMIT_LOC_STRINGS = YES;
				SWIFT_VERSION = 5.0;
				TARGETED_DEVICE_FAMILY = "1,2";
			};
			name = Debug;
		};
		B19E1720295488C3005B3DF5 /* Release */ = {
			isa = XCBuildConfiguration;
			buildSettings = {
				ASSETCATALOG_COMPILER_APPICON_NAME = AppIcon;
				ASSETCATALOG_COMPILER_GLOBAL_ACCENT_COLOR_NAME = AccentColor;
				CODE_SIGN_STYLE = Automatic;
				CURRENT_PROJECT_VERSION = 1;
				DEVELOPMENT_ASSET_PATHS = "\"Deleviry App/Preview Content\"";
				DEVELOPMENT_TEAM = 4N2CH77674;
				ENABLE_PREVIEWS = YES;
				GENERATE_INFOPLIST_FILE = YES;
				INFOPLIST_KEY_UIApplicationSceneManifest_Generation = YES;
				INFOPLIST_KEY_UIApplicationSupportsIndirectInputEvents = YES;
				INFOPLIST_KEY_UILaunchScreen_Generation = YES;
				INFOPLIST_KEY_UISupportedInterfaceOrientations_iPad = "UIInterfaceOrientationPortrait UIInterfaceOrientationPortraitUpsideDown UIInterfaceOrientationLandscapeLeft UIInterfaceOrientationLandscapeRight";
				INFOPLIST_KEY_UISupportedInterfaceOrientations_iPhone = "UIInterfaceOrientationPortrait UIInterfaceOrientationLandscapeLeft UIInterfaceOrientationLandscapeRight";
				IPHONEOS_DEPLOYMENT_TARGET = 16.0;
				LD_RUNPATH_SEARCH_PATHS = (
					"$(inherited)",
					"@executable_path/Frameworks",
				);
				MARKETING_VERSION = 1.0;
				PRODUCT_BUNDLE_IDENTIFIER = "t.com.Deleviry-App";
				PRODUCT_NAME = "$(TARGET_NAME)";
				SWIFT_EMIT_LOC_STRINGS = YES;
				SWIFT_VERSION = 5.0;
				TARGETED_DEVICE_FAMILY = "1,2";
			};
			name = Release;
		};
/* End XCBuildConfiguration section */

/* Begin XCConfigurationList section */
		B19E1706295488C1005B3DF5 /* Build configuration list for PBXProject "Deleviry App" */ = {
			isa = XCConfigurationList;
			buildConfigurations = (
				B19E171C295488C3005B3DF5 /* Debug */,
				B19E171D295488C3005B3DF5 /* Release */,
			);
			defaultConfigurationIsVisible = 0;
			defaultConfigurationName = Release;
		};
		B19E171E295488C3005B3DF5 /* Build configuration list for PBXNativeTarget "Deleviry App" */ = {
			isa = XCConfigurationList;
			buildConfigurations = (
				B19E171F295488C3005B3DF5 /* Debug */,
				B19E1720295488C3005B3DF5 /* Release */,
			);
			defaultConfigurationIsVisible = 0;
			defaultConfigurationName = Release;
		};
/* End XCConfigurationList section */

/* Begin XCRemoteSwiftPackageReference section */
		87DA8B99295892F800654409 /* XCRemoteSwiftPackageReference "firebase-ios-sdk" */ = {
			isa = XCRemoteSwiftPackageReference;
			repositoryURL = "https://github.com/firebase/firebase-ios-sdk.git";
			requirement = {
				kind = upToNextMajorVersion;
				minimumVersion = 9.0.0;
			};
		};
/* End XCRemoteSwiftPackageReference section */

/* Begin XCSwiftPackageProductDependency section */
		87DA8B9A295892F800654409 /* FirebaseAuth */ = {
			isa = XCSwiftPackageProductDependency;
			package = 87DA8B99295892F800654409 /* XCRemoteSwiftPackageReference "firebase-ios-sdk" */;
			productName = FirebaseAuth;
		};
		87DA8B9C295892F800654409 /* FirebaseFirestore */ = {
			isa = XCSwiftPackageProductDependency;
			package = 87DA8B99295892F800654409 /* XCRemoteSwiftPackageReference "firebase-ios-sdk" */;
			productName = FirebaseFirestore;
		};
/* End XCSwiftPackageProductDependency section */

/* Begin XCVersionGroup section */
		B19E1719295488C3005B3DF5 /* Deleviry_App.xcdatamodeld */ = {
			isa = XCVersionGroup;
			children = (
				B19E171A295488C3005B3DF5 /* Deleviry_App.xcdatamodel */,
			);
			currentVersion = B19E171A295488C3005B3DF5 /* Deleviry_App.xcdatamodel */;
			path = Deleviry_App.xcdatamodeld;
			sourceTree = "<group>";
			versionGroupType = wrapper.xcdatamodel;
		};
/* End XCVersionGroup section */
	};
	rootObject = B19E1703295488C1005B3DF5 /* Project object */;
}
